{
  "originHash" : "318ed85f572dd533c033cb9285cb462c8b77a4e806aae79f28763edbe54bd30d",
  "pins" : [
    {
      "identity" : "desert-ant-core",
      "kind" : "remoteSourceControl",
      "location" : "https://github.com/desert-ant-labs/desert-ant-core.git",
      "state" : {
        "branch" : "main",
        "revision" : "a7a70e4e42958d6b9c1eb67402d84cb47a14c507"
      }
    },
    {
      "identity" : "swift-argument-parser",
      "kind" : "remoteSourceControl",
      "location" : "https://github.com/apple/swift-argument-parser.git",
      "state" : {
        "revision" : "6a52f3251125d74daf04fcbd5e6f08a75d074382",
        "version" : "1.8.2"
      }
    },
    {
      "identity" : "swift-numerics",
      "kind" : "remoteSourceControl",
      "location" : "https://github.com/apple/swift-numerics",
      "state" : {
        "revision" : "0c0290ff6b24942dadb83a929ffaaa1481df04a2",
        "version" : "1.1.1"
      }
    }
  ],
  "version" : 3
}
