{
  "originHash" : "186c9668a42a2cbb2c7fb1e0f5a4c134de08ba15e3de5f33090cafff8a8a5482",
  "pins" : [
    {
      "identity" : "desert-ant-core",
      "kind" : "remoteSourceControl",
      "location" : "https://github.com/desert-ant-labs/desert-ant-core.git",
      "state" : {
        "revision" : "7e9107f47d8f2c56fbd5a1b93bae637f1c92a92c",
        "version" : "3.3.1"
      }
    },
    {
      "identity" : "swift-argument-parser",
      "kind" : "remoteSourceControl",
      "location" : "https://github.com/apple/swift-argument-parser.git",
      "state" : {
        "revision" : "6a52f3251125d74daf04fcbd5e6f08a75d074382",
        "version" : "1.8.2"
      }
    },
    {
      "identity" : "swift-numerics",
      "kind" : "remoteSourceControl",
      "location" : "https://github.com/apple/swift-numerics",
      "state" : {
        "revision" : "0c0290ff6b24942dadb83a929ffaaa1481df04a2",
        "version" : "1.1.1"
      }
    }
  ],
  "version" : 3
}
